
Microsoft Visual Studio Solution File, Format Version 12.00
Project("{FAE04EC0-301F-11D3-BF4B-00C04F79EFBC}") = "Identity", "Identity\Identity.csproj", "{77846591-89DC-4675-B52E-AAF565B7A696}"
EndProject
Global
	GlobalSection(SolutionConfigurationPlatforms) = preSolution
		Debug|Any CPU = Debug|Any CPU
		Release|Any CPU = Release|Any CPU
	EndGlobalSection
	GlobalSection(ProjectConfigurationPlatforms) = postSolution
		{77846591-89DC-4675-B52E-AAF565B7A696}.Debug|Any CPU.ActiveCfg = Debug|Any CPU
		{77846591-89DC-4675-B52E-AAF565B7A696}.Debug|Any CPU.Build.0 = Debug|Any CPU
		{77846591-89DC-4675-B52E-AAF565B7A696}.Release|Any CPU.ActiveCfg = Release|Any CPU
		{77846591-89DC-4675-B52E-AAF565B7A696}.Release|Any CPU.Build.0 = Release|Any CPU
	EndGlobalSection
EndGlobal
